
Microsoft Visual Studio Solution File, Format Version 12.00
# Visual Studio Version 17
VisualStudioVersion = 17.4.33213.308
MinimumVisualStudioVersion = 10.0.40219.1
Project("{FAE04EC0-301F-11D3-BF4B-00C04F79EFBC}") = "ferrari_recupero_2", "ferrari_recupero_2\ferrari_recupero_2.csproj", "{65CC2370-4179-4C36-A49C-3FE7FF4004EF}"
EndProject
Global
	GlobalSection(SolutionConfigurationPlatforms) = preSolution
		Debug|Any CPU = Debug|Any CPU
		Release|Any CPU = Release|Any CPU
	EndGlobalSection
	GlobalSection(ProjectConfigurationPlatforms) = postSolution
		{65CC2370-4179-4C36-A49C-3FE7FF4004EF}.Debug|Any CPU.ActiveCfg = Debug|Any CPU
		{65CC2370-4179-4C36-A49C-3FE7FF4004EF}.Debug|Any CPU.Build.0 = Debug|Any CPU
		{65CC2370-4179-4C36-A49C-3FE7FF4004EF}.Release|Any CPU.ActiveCfg = Release|Any CPU
		{65CC2370-4179-4C36-A49C-3FE7FF4004EF}.Release|Any CPU.Build.0 = Release|Any CPU
	EndGlobalSection
	GlobalSection(SolutionProperties) = preSolution
		HideSolutionNode = FALSE
	EndGlobalSection
	GlobalSection(ExtensibilityGlobals) = postSolution
		SolutionGuid = {1B87F0C2-7593-4FD3-A884-8870FFBCDE5B}
	EndGlobalSection
EndGlobal
